{
  "nodes": {
    "apocryphalNixosModules": {
      "inputs": {
        "nixpkgs": "nixpkgs_3"
      },
      "locked": {
        "lastModified": 1,
        "narHash": "sha256-P0HhuAmtG2xaUpJOfwDirE7tqBaQdBzYOCEQzC/fhBs=",
        "path": "/nix/store/8d2gidfpifxnnx87pbbvwvf2p083misv-source/nixosModules",
        "type": "path"
      },
      "original": {
        "path": "/nix/store/8d2gidfpifxnnx87pbbvwvf2p083misv-source/nixosModules",
        "type": "path"
      }
    },
    "apocryphalPackages": {
      "inputs": {
        "nixpkgs": "nixpkgs_4",
        "utils": "utils"
      },
      "locked": {
        "lastModified": 1,
        "narHash": "sha256-66IVYUlsFehJLnjtN16qpM7pNLdiqSe0KKPHL85S9pk=",
        "path": "/nix/store/8d2gidfpifxnnx87pbbvwvf2p083misv-source/packages",
        "type": "path"
      },
      "original": {
        "path": "/nix/store/8d2gidfpifxnnx87pbbvwvf2p083misv-source/packages",
        "type": "path"
      }
    },
    "disko": {
      "inputs": {
        "nixpkgs": [
          "nixpkgs"
        ]
      },
      "locked": {
        "lastModified": 1731549112,
        "narHash": "sha256-c9I3i1CwZ10SoM5npQQVnfwgvB86jAS3lT4ZqkRoSOI=",
        "owner": "nix-community",
        "repo": "disko",
        "rev": "5fd852c4155a689098095406500d0ae3d04654a8",
        "type": "github"
      },
      "original": {
        "owner": "nix-community",
        "repo": "disko",
        "type": "github"
      }
    },
    "gallipedal": {
      "inputs": {
        "gallipedal-library": "gallipedal-library",
        "nixpkgs": "nixpkgs"
      },
      "locked": {
        "lastModified": 1729557317,
        "narHash": "sha256-XCJE7OIfZhZZXTrFYsQtSDBox3KKu9omYOTG5vssHx0=",
        "ref": "refs/heads/main",
        "rev": "a5c1135eec96e9418264fc514db0fdddca4e8630",
        "revCount": 17,
        "type": "git",
        "url": "https://gitea.chiliahedron.wtf/chiliahedron/gallipedal-module"
      },
      "original": {
        "type": "git",
        "url": "https://gitea.chiliahedron.wtf/chiliahedron/gallipedal-module"
      }
    },
    "gallipedal-library": {
      "locked": {
        "lastModified": 1729557311,
        "narHash": "sha256-QHCbfoZryG2JGJnDZRJytUyCB/PjWtjTTfzxV/nIU+Q=",
        "ref": "refs/heads/main",
        "rev": "ba1c07084d608f5efc0c4005ed97bc4a8b4ee32a",
        "revCount": 31,
        "type": "git",
        "url": "https://gitea.chiliahedron.wtf/chiliahedron/gallipedal-library"
      },
      "original": {
        "type": "git",
        "url": "https://gitea.chiliahedron.wtf/chiliahedron/gallipedal-library"
      }
    },
    "home-manager": {
      "inputs": {
        "nixpkgs": [
          "nixpkgs"
        ]
      },
      "locked": {
        "lastModified": 1731604581,
        "narHash": "sha256-Qq2YZZaDTB3FZLWU/Hgh1uuWlUBl3cMLGB99bm7rFUM=",
        "owner": "nix-community",
        "repo": "home-manager",
        "rev": "1d0862ee2d7c6f6cd720d6f32213fa425004be10",
        "type": "github"
      },
      "original": {
        "owner": "nix-community",
        "repo": "home-manager",
        "type": "github"
      }
    },
    "nixpkgs": {
      "locked": {
        "lastModified": 1723637854,
        "narHash": "sha256-med8+5DSWa2UnOqtdICndjDAEjxr5D7zaIiK4pn0Q7c=",
        "owner": "nixos",
        "repo": "nixpkgs",
        "rev": "c3aa7b8938b17aebd2deecf7be0636000d62a2b9",
        "type": "github"
      },
      "original": {
        "owner": "nixos",
        "ref": "nixos-unstable",
        "repo": "nixpkgs",
        "type": "github"
      }
    },
    "nixpkgs-apocrypha": {
      "inputs": {
        "apocryphalNixosModules": "apocryphalNixosModules",
        "apocryphalPackages": "apocryphalPackages"
      },
      "locked": {
        "lastModified": 1731621476,
        "narHash": "sha256-BGo40kO9GC/+gIiSbFpMjZExY62WuPgr6vg3ZsaAiAY=",
        "ref": "refs/heads/main",
        "rev": "b413908f222ccd2dc5f53ad8839523a129a379c8",
        "revCount": 50,
        "type": "git",
        "url": "https://gitea.chiliahedron.wtf/chiliahedron/nixpkgs-apocrypha"
      },
      "original": {
        "type": "git",
        "url": "https://gitea.chiliahedron.wtf/chiliahedron/nixpkgs-apocrypha"
      }
    },
    "nixpkgs_2": {
      "locked": {
        "lastModified": 1731319897,
        "narHash": "sha256-PbABj4tnbWFMfBp6OcUK5iGy1QY+/Z96ZcLpooIbuEI=",
        "owner": "nixos",
        "repo": "nixpkgs",
        "rev": "dc460ec76cbff0e66e269457d7b728432263166c",
        "type": "github"
      },
      "original": {
        "owner": "nixos",
        "ref": "nixos-unstable",
        "repo": "nixpkgs",
        "type": "github"
      }
    },
    "nixpkgs_3": {
      "locked": {
        "lastModified": 1717196966,
        "narHash": "sha256-yZKhxVIKd2lsbOqYd5iDoUIwsRZFqE87smE2Vzf6Ck0=",
        "owner": "nixos",
        "repo": "nixpkgs",
        "rev": "57610d2f8f0937f39dbd72251e9614b1561942d8",
        "type": "github"
      },
      "original": {
        "owner": "nixos",
        "ref": "nixos-unstable",
        "repo": "nixpkgs",
        "type": "github"
      }
    },
    "nixpkgs_4": {
      "locked": {
        "lastModified": 1716948383,
        "narHash": "sha256-SzDKxseEcHR5KzPXLwsemyTR/kaM9whxeiJohbL04rs=",
        "owner": "nixos",
        "repo": "nixpkgs",
        "rev": "ad57eef4ef0659193044870c731987a6df5cf56b",
        "type": "github"
      },
      "original": {
        "owner": "nixos",
        "ref": "nixos-unstable",
        "repo": "nixpkgs",
        "type": "github"
      }
    },
    "root": {
      "inputs": {
        "disko": "disko",
        "gallipedal": "gallipedal",
        "home-manager": "home-manager",
        "nixpkgs": "nixpkgs_2",
        "nixpkgs-apocrypha": "nixpkgs-apocrypha"
      }
    },
    "systems": {
      "locked": {
        "lastModified": 1681028828,
        "narHash": "sha256-Vy1rq5AaRuLzOxct8nz4T6wlgyUR7zLU309k9mBC768=",
        "owner": "nix-systems",
        "repo": "default",
        "rev": "da67096a3b9bf56a91d16901293e51ba5b49a27e",
        "type": "github"
      },
      "original": {
        "owner": "nix-systems",
        "repo": "default",
        "type": "github"
      }
    },
    "utils": {
      "inputs": {
        "systems": "systems"
      },
      "locked": {
        "lastModified": 1710146030,
        "narHash": "sha256-SZ5L6eA7HJ/nmkzGG7/ISclqe6oZdOZTNoesiInkXPQ=",
        "owner": "numtide",
        "repo": "flake-utils",
        "rev": "b1d9ab70662946ef0850d488da1c9019f3a9752a",
        "type": "github"
      },
      "original": {
        "owner": "numtide",
        "repo": "flake-utils",
        "type": "github"
      }
    }
  },
  "root": "root",
  "version": 7
}
