{
  "nodes": {
    "apocryphalNixosModules": {
      "inputs": {
        "nixpkgs": "nixpkgs_3"
      },
      "locked": {
        "lastModified": 1,
        "narHash": "sha256-8FVk3S8ix5PU7gTtzFCflgWVxa9OgMec7Ru9GMiZLLk=",
        "path": "/nix/store/i0shcz3ik734hhsr3a12i7mj9jqy9yjw-source/nixosModules",
        "type": "path"
      },
      "original": {
        "path": "/nix/store/i0shcz3ik734hhsr3a12i7mj9jqy9yjw-source/nixosModules",
        "type": "path"
      }
    },
    "apocryphalPackages": {
      "inputs": {
        "nixpkgs": "nixpkgs_4",
        "utils": "utils"
      },
      "locked": {
        "lastModified": 1,
        "narHash": "sha256-5jUmpKFT9u1c7GbTEnLUf+CJhjHzJk55/TpuvG5k2E0=",
        "path": "/nix/store/i0shcz3ik734hhsr3a12i7mj9jqy9yjw-source/packages",
        "type": "path"
      },
      "original": {
        "path": "/nix/store/i0shcz3ik734hhsr3a12i7mj9jqy9yjw-source/packages",
        "type": "path"
      }
    },
    "disko": {
      "inputs": {
        "nixpkgs": [
          "nixpkgs"
        ]
      },
      "locked": {
        "lastModified": 1717177033,
        "narHash": "sha256-G3CZJafCO8WDy3dyA2EhpUJEmzd5gMJ2IdItAg0Hijw=",
        "owner": "nix-community",
        "repo": "disko",
        "rev": "0274af4c92531ebfba4a5bd493251a143bc51f3c",
        "type": "github"
      },
      "original": {
        "owner": "nix-community",
        "repo": "disko",
        "type": "github"
      }
    },
    "gallipedal": {
      "inputs": {
        "gallipedal-library": "gallipedal-library",
        "nixpkgs": "nixpkgs"
      },
      "locked": {
        "lastModified": 1725828040,
        "narHash": "sha256-qDA0V1Ld2yMsMcOI6Ibd5AkrX7wsbQjHJrjfP8y9KEU=",
        "ref": "refs/heads/main",
        "rev": "6a62eb5b811092fc6706c123e2aab407a93645e8",
        "revCount": 16,
        "type": "git",
        "url": "https://gitea.chiliahedron.wtf/chiliahedron/gallipedal-module"
      },
      "original": {
        "type": "git",
        "url": "https://gitea.chiliahedron.wtf/chiliahedron/gallipedal-module"
      }
    },
    "gallipedal-library": {
      "locked": {
        "lastModified": 1725821524,
        "narHash": "sha256-3d4Gi6hraPQMqRmWpx4CG+6VRm4pi50vvFjsaoBCsnU=",
        "ref": "refs/heads/main",
        "rev": "b9793a5f5e27efa7d2e095692664b1e74ca8eea8",
        "revCount": 28,
        "type": "git",
        "url": "https://gitea.chiliahedron.wtf/chiliahedron/gallipedal-library"
      },
      "original": {
        "type": "git",
        "url": "https://gitea.chiliahedron.wtf/chiliahedron/gallipedal-library"
      }
    },
    "nixpkgs": {
      "locked": {
        "lastModified": 1723637854,
        "narHash": "sha256-med8+5DSWa2UnOqtdICndjDAEjxr5D7zaIiK4pn0Q7c=",
        "owner": "nixos",
        "repo": "nixpkgs",
        "rev": "c3aa7b8938b17aebd2deecf7be0636000d62a2b9",
        "type": "github"
      },
      "original": {
        "owner": "nixos",
        "ref": "nixos-unstable",
        "repo": "nixpkgs",
        "type": "github"
      }
    },
    "nixpkgs-apocrypha": {
      "inputs": {
        "apocryphalNixosModules": "apocryphalNixosModules",
        "apocryphalPackages": "apocryphalPackages"
      },
      "locked": {
        "lastModified": 1725828626,
        "narHash": "sha256-w0bgkkWRWSXpMLuyU/sT/pfqa9w/iihZkcQ+lkvCpI0=",
        "ref": "refs/heads/main",
        "rev": "fa3da31615528788cf72a509d191db1b722b51be",
        "revCount": 30,
        "type": "git",
        "url": "https://gitea.chiliahedron.wtf/chiliahedron/nixpkgs-apocrypha"
      },
      "original": {
        "type": "git",
        "url": "https://gitea.chiliahedron.wtf/chiliahedron/nixpkgs-apocrypha"
      }
    },
    "nixpkgs_2": {
      "locked": {
        "lastModified": 1716948383,
        "narHash": "sha256-SzDKxseEcHR5KzPXLwsemyTR/kaM9whxeiJohbL04rs=",
        "owner": "nixos",
        "repo": "nixpkgs",
        "rev": "ad57eef4ef0659193044870c731987a6df5cf56b",
        "type": "github"
      },
      "original": {
        "owner": "nixos",
        "ref": "nixos-unstable",
        "repo": "nixpkgs",
        "type": "github"
      }
    },
    "nixpkgs_3": {
      "locked": {
        "lastModified": 1717196966,
        "narHash": "sha256-yZKhxVIKd2lsbOqYd5iDoUIwsRZFqE87smE2Vzf6Ck0=",
        "owner": "nixos",
        "repo": "nixpkgs",
        "rev": "57610d2f8f0937f39dbd72251e9614b1561942d8",
        "type": "github"
      },
      "original": {
        "owner": "nixos",
        "ref": "nixos-unstable",
        "repo": "nixpkgs",
        "type": "github"
      }
    },
    "nixpkgs_4": {
      "locked": {
        "lastModified": 1716948383,
        "narHash": "sha256-SzDKxseEcHR5KzPXLwsemyTR/kaM9whxeiJohbL04rs=",
        "owner": "nixos",
        "repo": "nixpkgs",
        "rev": "ad57eef4ef0659193044870c731987a6df5cf56b",
        "type": "github"
      },
      "original": {
        "owner": "nixos",
        "ref": "nixos-unstable",
        "repo": "nixpkgs",
        "type": "github"
      }
    },
    "root": {
      "inputs": {
        "disko": "disko",
        "gallipedal": "gallipedal",
        "nixpkgs": "nixpkgs_2",
        "nixpkgs-apocrypha": "nixpkgs-apocrypha"
      }
    },
    "systems": {
      "locked": {
        "lastModified": 1681028828,
        "narHash": "sha256-Vy1rq5AaRuLzOxct8nz4T6wlgyUR7zLU309k9mBC768=",
        "owner": "nix-systems",
        "repo": "default",
        "rev": "da67096a3b9bf56a91d16901293e51ba5b49a27e",
        "type": "github"
      },
      "original": {
        "owner": "nix-systems",
        "repo": "default",
        "type": "github"
      }
    },
    "utils": {
      "inputs": {
        "systems": "systems"
      },
      "locked": {
        "lastModified": 1710146030,
        "narHash": "sha256-SZ5L6eA7HJ/nmkzGG7/ISclqe6oZdOZTNoesiInkXPQ=",
        "owner": "numtide",
        "repo": "flake-utils",
        "rev": "b1d9ab70662946ef0850d488da1c9019f3a9752a",
        "type": "github"
      },
      "original": {
        "owner": "numtide",
        "repo": "flake-utils",
        "type": "github"
      }
    }
  },
  "root": "root",
  "version": 7
}
